{
  "version": 4,
  "terraform_version": "1.5.7",
  "serial": 24,
  "lineage": "8798fd2d-d4d9-8c58-2da2-c8b14378e1d1",
  "outputs": {
    "vpc-subnets-nat-igw-rt": {
      "value": {
        "internet_gateway": "igw-0f0124ca75fafcf9e",
        "nat_gateway": "nat-09aa531320c57e22a",
        "private_route_table1-us-east-1a": "rtb-0deeda0f415e25143",
        "private_route_table2-us-east-1b": "rtb-08d8316d9efc1d97c",
        "private_subnet_1a": "subnet-0ae681cc3e1be9cdf",
        "private_subnet_1b": "subnet-019aac793a6100019",
        "public_route_table": "rtb-0c498c1351767fb13",
        "public_subnet_1a": "subnet-0363a44dae9018153",
        "public_subnet_1b": "subnet-08f80bc1ceeaebe1a",
        "vpc": "vpc-00b6afb336bd50080"
      },
      "type": [
        "object",
        {
          "internet_gateway": "string",
          "nat_gateway": "string",
          "private_route_table1-us-east-1a": "string",
          "private_route_table2-us-east-1b": "string",
          "private_subnet_1a": "string",
          "private_subnet_1b": "string",
          "public_route_table": "string",
          "public_subnet_1a": "string",
          "public_subnet_1b": "string",
          "vpc": "string"
        }
      ]
    }
  },
  "resources": [
    {
      "mode": "managed",
      "type": "aws_eip",
      "name": "emptesting_eip",
      "provider": "provider[\"registry.terraform.io/hashicorp/aws\"]",
      "instances": [
        {
          "schema_version": 0,
          "attributes": {
            "address": null,
            "allocation_id": "eipalloc-0c20c5fcd0c3c5488",
            "associate_with_private_ip": null,
            "association_id": "eipassoc-046b61e731085da1b",
            "carrier_ip": "",
            "customer_owned_ip": "",
            "customer_owned_ipv4_pool": "",
            "domain": "vpc",
            "id": "eipalloc-0c20c5fcd0c3c5488",
            "instance": "",
            "network_border_group": "us-east-1",
            "network_interface": "eni-0c79d95ff41687b95",
            "private_dns": "ip-10-11-10-0.ec2.internal",
            "private_ip": "10.11.10.0",
            "ptr_record": "",
            "public_dns": "ec2-44-220-238-143.compute-1.amazonaws.com",
            "public_ip": "44.220.238.143",
            "public_ipv4_pool": "amazon",
            "tags": {
              "Name": "emptesting_eip"
            },
            "tags_all": {
              "Name": "emptesting_eip"
            },
            "timeouts": null,
            "vpc": true
          },
          "sensitive_attributes": [],
          "private": "eyJlMmJmYjczMC1lY2FhLTExZTYtOGY4OC0zNDM2M2JjN2M0YzAiOnsiZGVsZXRlIjoxODAwMDAwMDAwMDAsInJlYWQiOjkwMDAwMDAwMDAwMCwidXBkYXRlIjozMDAwMDAwMDAwMDB9fQ==",
          "dependencies": [
            "aws_internet_gateway.emptesting_igw",
            "aws_vpc.emptesting_vpc"
          ]
        }
      ]
    },
    {
      "mode": "managed",
      "type": "aws_internet_gateway",
      "name": "emptesting_igw",
      "provider": "provider[\"registry.terraform.io/hashicorp/aws\"]",
      "instances": [
        {
          "schema_version": 0,
          "attributes": {
            "arn": "arn:aws:ec2:us-east-1:624907404009:internet-gateway/igw-0f0124ca75fafcf9e",
            "id": "igw-0f0124ca75fafcf9e",
            "owner_id": "624907404009",
            "tags": {
              "Name": "emptesting_igw"
            },
            "tags_all": {
              "Name": "emptesting_igw"
            },
            "timeouts": null,
            "vpc_id": "vpc-00b6afb336bd50080"
          },
          "sensitive_attributes": [],
          "private": "eyJlMmJmYjczMC1lY2FhLTExZTYtOGY4OC0zNDM2M2JjN2M0YzAiOnsiY3JlYXRlIjoxMjAwMDAwMDAwMDAwLCJkZWxldGUiOjEyMDAwMDAwMDAwMDAsInVwZGF0ZSI6MTIwMDAwMDAwMDAwMH19",
          "dependencies": [
            "aws_vpc.emptesting_vpc"
          ]
        }
      ]
    },
    {
      "mode": "managed",
      "type": "aws_nat_gateway",
      "name": "emptesting_nat_gateway",
      "provider": "provider[\"registry.terraform.io/hashicorp/aws\"]",
      "instances": [
        {
          "schema_version": 0,
          "attributes": {
            "allocation_id": "eipalloc-0c20c5fcd0c3c5488",
            "association_id": "eipassoc-046b61e731085da1b",
            "connectivity_type": "public",
            "id": "nat-09aa531320c57e22a",
            "network_interface_id": "eni-0c79d95ff41687b95",
            "private_ip": "10.11.10.0",
            "public_ip": "44.220.238.143",
            "secondary_allocation_ids": [],
            "secondary_private_ip_address_count": 0,
            "secondary_private_ip_addresses": [],
            "subnet_id": "subnet-0363a44dae9018153",
            "tags": {
              "Name": "emptesting_nat_gateway"
            },
            "tags_all": {
              "Name": "emptesting_nat_gateway"
            },
            "timeouts": null
          },
          "sensitive_attributes": [],
          "private": "eyJlMmJmYjczMC1lY2FhLTExZTYtOGY4OC0zNDM2M2JjN2M0YzAiOnsiY3JlYXRlIjo2MDAwMDAwMDAwMDAsImRlbGV0ZSI6MTgwMDAwMDAwMDAwMCwidXBkYXRlIjo2MDAwMDAwMDAwMDB9fQ==",
          "dependencies": [
            "aws_eip.emptesting_eip",
            "aws_internet_gateway.emptesting_igw",
            "aws_subnet.emptesting_public_subnet_1a",
            "aws_vpc.emptesting_vpc"
          ]
        }
      ]
    },
    {
      "mode": "managed",
      "type": "aws_route_table",
      "name": "emptesting_private_route_table1_us-east-1a",
      "provider": "provider[\"registry.terraform.io/hashicorp/aws\"]",
      "instances": [
        {
          "schema_version": 0,
          "attributes": {
            "arn": "arn:aws:ec2:us-east-1:624907404009:route-table/rtb-0deeda0f415e25143",
            "id": "rtb-0deeda0f415e25143",
            "owner_id": "624907404009",
            "propagating_vgws": [],
            "route": [
              {
                "carrier_gateway_id": "",
                "cidr_block": "0.0.0.0/0",
                "core_network_arn": "",
                "destination_prefix_list_id": "",
                "egress_only_gateway_id": "",
                "gateway_id": "",
                "ipv6_cidr_block": "",
                "local_gateway_id": "",
                "nat_gateway_id": "nat-09aa531320c57e22a",
                "network_interface_id": "",
                "transit_gateway_id": "",
                "vpc_endpoint_id": "",
                "vpc_peering_connection_id": ""
              }
            ],
            "tags": {
              "Name": "emptesting_private_route_table1_us-east-1a"
            },
            "tags_all": {
              "Name": "emptesting_private_route_table1_us-east-1a"
            },
            "timeouts": null,
            "vpc_id": "vpc-00b6afb336bd50080"
          },
          "sensitive_attributes": [],
          "private": "eyJlMmJmYjczMC1lY2FhLTExZTYtOGY4OC0zNDM2M2JjN2M0YzAiOnsiY3JlYXRlIjozMDAwMDAwMDAwMDAsImRlbGV0ZSI6MzAwMDAwMDAwMDAwLCJ1cGRhdGUiOjEyMDAwMDAwMDAwMH19",
          "dependencies": [
            "aws_nat_gateway.emptesting_nat_gateway",
            "aws_vpc.emptesting_vpc"
          ]
        }
      ]
    },
    {
      "mode": "managed",
      "type": "aws_route_table",
      "name": "emptesting_private_route_table2_us-east-1b",
      "provider": "provider[\"registry.terraform.io/hashicorp/aws\"]",
      "instances": [
        {
          "schema_version": 0,
          "attributes": {
            "arn": "arn:aws:ec2:us-east-1:624907404009:route-table/rtb-08d8316d9efc1d97c",
            "id": "rtb-08d8316d9efc1d97c",
            "owner_id": "624907404009",
            "propagating_vgws": [],
            "route": [
              {
                "carrier_gateway_id": "",
                "cidr_block": "0.0.0.0/0",
                "core_network_arn": "",
                "destination_prefix_list_id": "",
                "egress_only_gateway_id": "",
                "gateway_id": "",
                "ipv6_cidr_block": "",
                "local_gateway_id": "",
                "nat_gateway_id": "nat-09aa531320c57e22a",
                "network_interface_id": "",
                "transit_gateway_id": "",
                "vpc_endpoint_id": "",
                "vpc_peering_connection_id": ""
              }
            ],
            "tags": {
              "Name": "emptesting_private_route_table2_us-east-1b"
            },
            "tags_all": {
              "Name": "emptesting_private_route_table2_us-east-1b"
            },
            "timeouts": null,
            "vpc_id": "vpc-00b6afb336bd50080"
          },
          "sensitive_attributes": [],
          "private": "eyJlMmJmYjczMC1lY2FhLTExZTYtOGY4OC0zNDM2M2JjN2M0YzAiOnsiY3JlYXRlIjozMDAwMDAwMDAwMDAsImRlbGV0ZSI6MzAwMDAwMDAwMDAwLCJ1cGRhdGUiOjEyMDAwMDAwMDAwMH19",
          "dependencies": [
            "aws_nat_gateway.emptesting_nat_gateway",
            "aws_vpc.emptesting_vpc"
          ]
        }
      ]
    },
    {
      "mode": "managed",
      "type": "aws_route_table",
      "name": "emptesting_public_route_table",
      "provider": "provider[\"registry.terraform.io/hashicorp/aws\"]",
      "instances": [
        {
          "schema_version": 0,
          "attributes": {
            "arn": "arn:aws:ec2:us-east-1:624907404009:route-table/rtb-0c498c1351767fb13",
            "id": "rtb-0c498c1351767fb13",
            "owner_id": "624907404009",
            "propagating_vgws": [],
            "route": [
              {
                "carrier_gateway_id": "",
                "cidr_block": "0.0.0.0/0",
                "core_network_arn": "",
                "destination_prefix_list_id": "",
                "egress_only_gateway_id": "",
                "gateway_id": "igw-0f0124ca75fafcf9e",
                "ipv6_cidr_block": "",
                "local_gateway_id": "",
                "nat_gateway_id": "",
                "network_interface_id": "",
                "transit_gateway_id": "",
                "vpc_endpoint_id": "",
                "vpc_peering_connection_id": ""
              }
            ],
            "tags": {
              "Name": "emptesting_public_route_table"
            },
            "tags_all": {
              "Name": "emptesting_public_route_table"
            },
            "timeouts": null,
            "vpc_id": "vpc-00b6afb336bd50080"
          },
          "sensitive_attributes": [],
          "private": "eyJlMmJmYjczMC1lY2FhLTExZTYtOGY4OC0zNDM2M2JjN2M0YzAiOnsiY3JlYXRlIjozMDAwMDAwMDAwMDAsImRlbGV0ZSI6MzAwMDAwMDAwMDAwLCJ1cGRhdGUiOjEyMDAwMDAwMDAwMH19",
          "dependencies": [
            "aws_internet_gateway.emptesting_igw",
            "aws_vpc.emptesting_vpc"
          ]
        }
      ]
    },
    {
      "mode": "managed",
      "type": "aws_route_table_association",
      "name": "emptesting_private_subnet_1a_association",
      "provider": "provider[\"registry.terraform.io/hashicorp/aws\"]",
      "instances": [
        {
          "schema_version": 0,
          "attributes": {
            "gateway_id": "",
            "id": "rtbassoc-06003e8e0c44189d9",
            "route_table_id": "rtb-0deeda0f415e25143",
            "subnet_id": "subnet-0ae681cc3e1be9cdf",
            "timeouts": null
          },
          "sensitive_attributes": [],
          "private": "eyJlMmJmYjczMC1lY2FhLTExZTYtOGY4OC0zNDM2M2JjN2M0YzAiOnsiY3JlYXRlIjozMDAwMDAwMDAwMDAsImRlbGV0ZSI6MzAwMDAwMDAwMDAwLCJ1cGRhdGUiOjEyMDAwMDAwMDAwMH19",
          "dependencies": [
            "aws_nat_gateway.emptesting_nat_gateway",
            "aws_route_table.emptesting_private_route_table1_us-east-1a",
            "aws_subnet.emptesting_private_subnet_1a",
            "aws_vpc.emptesting_vpc"
          ]
        }
      ]
    },
    {
      "mode": "managed",
      "type": "aws_route_table_association",
      "name": "emptesting_private_subnet_1b_association",
      "provider": "provider[\"registry.terraform.io/hashicorp/aws\"]",
      "instances": [
        {
          "schema_version": 0,
          "attributes": {
            "gateway_id": "",
            "id": "rtbassoc-0ea3d759de59c2590",
            "route_table_id": "rtb-08d8316d9efc1d97c",
            "subnet_id": "subnet-019aac793a6100019",
            "timeouts": null
          },
          "sensitive_attributes": [],
          "private": "eyJlMmJmYjczMC1lY2FhLTExZTYtOGY4OC0zNDM2M2JjN2M0YzAiOnsiY3JlYXRlIjozMDAwMDAwMDAwMDAsImRlbGV0ZSI6MzAwMDAwMDAwMDAwLCJ1cGRhdGUiOjEyMDAwMDAwMDAwMH19",
          "dependencies": [
            "aws_nat_gateway.emptesting_nat_gateway",
            "aws_route_table.emptesting_private_route_table2_us-east-1b",
            "aws_subnet.emptesting_private_subnet_1b",
            "aws_vpc.emptesting_vpc"
          ]
        }
      ]
    },
    {
      "mode": "managed",
      "type": "aws_route_table_association",
      "name": "emptesting_public_subnet_1a_association",
      "provider": "provider[\"registry.terraform.io/hashicorp/aws\"]",
      "instances": [
        {
          "schema_version": 0,
          "attributes": {
            "gateway_id": "",
            "id": "rtbassoc-04d2ff1e2c9bdeace",
            "route_table_id": "rtb-0c498c1351767fb13",
            "subnet_id": "subnet-0363a44dae9018153",
            "timeouts": null
          },
          "sensitive_attributes": [],
          "private": "eyJlMmJmYjczMC1lY2FhLTExZTYtOGY4OC0zNDM2M2JjN2M0YzAiOnsiY3JlYXRlIjozMDAwMDAwMDAwMDAsImRlbGV0ZSI6MzAwMDAwMDAwMDAwLCJ1cGRhdGUiOjEyMDAwMDAwMDAwMH19",
          "dependencies": [
            "aws_internet_gateway.emptesting_igw",
            "aws_route_table.emptesting_public_route_table",
            "aws_subnet.emptesting_public_subnet_1a",
            "aws_vpc.emptesting_vpc"
          ]
        }
      ]
    },
    {
      "mode": "managed",
      "type": "aws_route_table_association",
      "name": "emptesting_public_subnet_1b_association",
      "provider": "provider[\"registry.terraform.io/hashicorp/aws\"]",
      "instances": [
        {
          "schema_version": 0,
          "attributes": {
            "gateway_id": "",
            "id": "rtbassoc-05f87ea2137aea90b",
            "route_table_id": "rtb-0c498c1351767fb13",
            "subnet_id": "subnet-08f80bc1ceeaebe1a",
            "timeouts": null
          },
          "sensitive_attributes": [],
          "private": "eyJlMmJmYjczMC1lY2FhLTExZTYtOGY4OC0zNDM2M2JjN2M0YzAiOnsiY3JlYXRlIjozMDAwMDAwMDAwMDAsImRlbGV0ZSI6MzAwMDAwMDAwMDAwLCJ1cGRhdGUiOjEyMDAwMDAwMDAwMH19",
          "dependencies": [
            "aws_internet_gateway.emptesting_igw",
            "aws_route_table.emptesting_public_route_table",
            "aws_subnet.emptesting_public_subnet_1b",
            "aws_vpc.emptesting_vpc"
          ]
        }
      ]
    },
    {
      "mode": "managed",
      "type": "aws_subnet",
      "name": "emptesting_private_subnet_1a",
      "provider": "provider[\"registry.terraform.io/hashicorp/aws\"]",
      "instances": [
        {
          "schema_version": 1,
          "attributes": {
            "arn": "arn:aws:ec2:us-east-1:624907404009:subnet/subnet-0ae681cc3e1be9cdf",
            "assign_ipv6_address_on_creation": false,
            "availability_zone": "us-east-1a",
            "availability_zone_id": "use1-az6",
            "cidr_block": "10.11.0.0/22",
            "customer_owned_ipv4_pool": "",
            "enable_dns64": false,
            "enable_lni_at_device_index": 0,
            "enable_resource_name_dns_a_record_on_launch": false,
            "enable_resource_name_dns_aaaa_record_on_launch": false,
            "id": "subnet-0ae681cc3e1be9cdf",
            "ipv6_cidr_block": "",
            "ipv6_cidr_block_association_id": "",
            "ipv6_native": false,
            "map_customer_owned_ip_on_launch": false,
            "map_public_ip_on_launch": false,
            "outpost_arn": "",
            "owner_id": "624907404009",
            "private_dns_hostname_type_on_launch": "ip-name",
            "tags": {
              "Name": "emptesting_private_subnet_1a"
            },
            "tags_all": {
              "Name": "emptesting_private_subnet_1a"
            },
            "timeouts": null,
            "vpc_id": "vpc-00b6afb336bd50080"
          },
          "sensitive_attributes": [],
          "private": "eyJlMmJmYjczMC1lY2FhLTExZTYtOGY4OC0zNDM2M2JjN2M0YzAiOnsiY3JlYXRlIjo2MDAwMDAwMDAwMDAsImRlbGV0ZSI6MTIwMDAwMDAwMDAwMH0sInNjaGVtYV92ZXJzaW9uIjoiMSJ9",
          "dependencies": [
            "aws_eip.emptesting_eip",
            "aws_internet_gateway.emptesting_igw",
            "aws_nat_gateway.emptesting_nat_gateway",
            "aws_subnet.emptesting_public_subnet_1a",
            "aws_vpc.emptesting_vpc"
          ]
        }
      ]
    },
    {
      "mode": "managed",
      "type": "aws_subnet",
      "name": "emptesting_private_subnet_1b",
      "provider": "provider[\"registry.terraform.io/hashicorp/aws\"]",
      "instances": [
        {
          "schema_version": 1,
          "attributes": {
            "arn": "arn:aws:ec2:us-east-1:624907404009:subnet/subnet-019aac793a6100019",
            "assign_ipv6_address_on_creation": false,
            "availability_zone": "us-east-1b",
            "availability_zone_id": "use1-az1",
            "cidr_block": "10.11.4.0/22",
            "customer_owned_ipv4_pool": "",
            "enable_dns64": false,
            "enable_lni_at_device_index": 0,
            "enable_resource_name_dns_a_record_on_launch": false,
            "enable_resource_name_dns_aaaa_record_on_launch": false,
            "id": "subnet-019aac793a6100019",
            "ipv6_cidr_block": "",
            "ipv6_cidr_block_association_id": "",
            "ipv6_native": false,
            "map_customer_owned_ip_on_launch": false,
            "map_public_ip_on_launch": false,
            "outpost_arn": "",
            "owner_id": "624907404009",
            "private_dns_hostname_type_on_launch": "ip-name",
            "tags": {
              "Name": "emptesting_private_subnet_1b"
            },
            "tags_all": {
              "Name": "emptesting_private_subnet_1b"
            },
            "timeouts": null,
            "vpc_id": "vpc-00b6afb336bd50080"
          },
          "sensitive_attributes": [],
          "private": "eyJlMmJmYjczMC1lY2FhLTExZTYtOGY4OC0zNDM2M2JjN2M0YzAiOnsiY3JlYXRlIjo2MDAwMDAwMDAwMDAsImRlbGV0ZSI6MTIwMDAwMDAwMDAwMH0sInNjaGVtYV92ZXJzaW9uIjoiMSJ9",
          "dependencies": [
            "aws_eip.emptesting_eip",
            "aws_internet_gateway.emptesting_igw",
            "aws_nat_gateway.emptesting_nat_gateway",
            "aws_subnet.emptesting_public_subnet_1a",
            "aws_vpc.emptesting_vpc"
          ]
        }
      ]
    },
    {
      "mode": "managed",
      "type": "aws_subnet",
      "name": "emptesting_public_subnet_1a",
      "provider": "provider[\"registry.terraform.io/hashicorp/aws\"]",
      "instances": [
        {
          "schema_version": 1,
          "attributes": {
            "arn": "arn:aws:ec2:us-east-1:624907404009:subnet/subnet-0363a44dae9018153",
            "assign_ipv6_address_on_creation": false,
            "availability_zone": "us-east-1a",
            "availability_zone_id": "use1-az6",
            "cidr_block": "10.11.8.0/22",
            "customer_owned_ipv4_pool": "",
            "enable_dns64": false,
            "enable_lni_at_device_index": 0,
            "enable_resource_name_dns_a_record_on_launch": false,
            "enable_resource_name_dns_aaaa_record_on_launch": false,
            "id": "subnet-0363a44dae9018153",
            "ipv6_cidr_block": "",
            "ipv6_cidr_block_association_id": "",
            "ipv6_native": false,
            "map_customer_owned_ip_on_launch": false,
            "map_public_ip_on_launch": false,
            "outpost_arn": "",
            "owner_id": "624907404009",
            "private_dns_hostname_type_on_launch": "ip-name",
            "tags": {
              "Name": "emptesting_public_subnet_1a"
            },
            "tags_all": {
              "Name": "emptesting_public_subnet_1a"
            },
            "timeouts": null,
            "vpc_id": "vpc-00b6afb336bd50080"
          },
          "sensitive_attributes": [],
          "private": "eyJlMmJmYjczMC1lY2FhLTExZTYtOGY4OC0zNDM2M2JjN2M0YzAiOnsiY3JlYXRlIjo2MDAwMDAwMDAwMDAsImRlbGV0ZSI6MTIwMDAwMDAwMDAwMH0sInNjaGVtYV92ZXJzaW9uIjoiMSJ9",
          "dependencies": [
            "aws_vpc.emptesting_vpc"
          ]
        }
      ]
    },
    {
      "mode": "managed",
      "type": "aws_subnet",
      "name": "emptesting_public_subnet_1b",
      "provider": "provider[\"registry.terraform.io/hashicorp/aws\"]",
      "instances": [
        {
          "schema_version": 1,
          "attributes": {
            "arn": "arn:aws:ec2:us-east-1:624907404009:subnet/subnet-08f80bc1ceeaebe1a",
            "assign_ipv6_address_on_creation": false,
            "availability_zone": "us-east-1b",
            "availability_zone_id": "use1-az1",
            "cidr_block": "10.11.12.0/22",
            "customer_owned_ipv4_pool": "",
            "enable_dns64": false,
            "enable_lni_at_device_index": 0,
            "enable_resource_name_dns_a_record_on_launch": false,
            "enable_resource_name_dns_aaaa_record_on_launch": false,
            "id": "subnet-08f80bc1ceeaebe1a",
            "ipv6_cidr_block": "",
            "ipv6_cidr_block_association_id": "",
            "ipv6_native": false,
            "map_customer_owned_ip_on_launch": false,
            "map_public_ip_on_launch": false,
            "outpost_arn": "",
            "owner_id": "624907404009",
            "private_dns_hostname_type_on_launch": "ip-name",
            "tags": {
              "Name": "emptesting_public_subnet_1b"
            },
            "tags_all": {
              "Name": "emptesting_public_subnet_1b"
            },
            "timeouts": null,
            "vpc_id": "vpc-00b6afb336bd50080"
          },
          "sensitive_attributes": [],
          "private": "eyJlMmJmYjczMC1lY2FhLTExZTYtOGY4OC0zNDM2M2JjN2M0YzAiOnsiY3JlYXRlIjo2MDAwMDAwMDAwMDAsImRlbGV0ZSI6MTIwMDAwMDAwMDAwMH0sInNjaGVtYV92ZXJzaW9uIjoiMSJ9",
          "dependencies": [
            "aws_vpc.emptesting_vpc"
          ]
        }
      ]
    },
    {
      "mode": "managed",
      "type": "aws_vpc",
      "name": "emptesting_vpc",
      "provider": "provider[\"registry.terraform.io/hashicorp/aws\"]",
      "instances": [
        {
          "schema_version": 1,
          "attributes": {
            "arn": "arn:aws:ec2:us-east-1:624907404009:vpc/vpc-00b6afb336bd50080",
            "assign_generated_ipv6_cidr_block": false,
            "cidr_block": "10.11.0.0/20",
            "default_network_acl_id": "acl-0e792fcc6a28d84a5",
            "default_route_table_id": "rtb-0e57f2796b6a6d647",
            "default_security_group_id": "sg-00a8749c2558b6308",
            "dhcp_options_id": "dopt-a6b3fac0",
            "enable_dns_hostnames": true,
            "enable_dns_support": true,
            "enable_network_address_usage_metrics": false,
            "id": "vpc-00b6afb336bd50080",
            "instance_tenancy": "default",
            "ipv4_ipam_pool_id": null,
            "ipv4_netmask_length": null,
            "ipv6_association_id": "",
            "ipv6_cidr_block": "",
            "ipv6_cidr_block_network_border_group": "",
            "ipv6_ipam_pool_id": "",
            "ipv6_netmask_length": 0,
            "main_route_table_id": "rtb-0e57f2796b6a6d647",
            "owner_id": "624907404009",
            "tags": {
              "Name": "emptesting_vpc"
            },
            "tags_all": {
              "Name": "emptesting_vpc"
            }
          },
          "sensitive_attributes": [],
          "private": "eyJzY2hlbWFfdmVyc2lvbiI6IjEifQ=="
        }
      ]
    },
    {
      "mode": "managed",
      "type": "aws_vpc_endpoint",
      "name": "emptesting_s3_endpoint",
      "provider": "provider[\"registry.terraform.io/hashicorp/aws\"]",
      "instances": [
        {
          "schema_version": 0,
          "attributes": {
            "arn": "arn:aws:ec2:us-east-1:624907404009:vpc-endpoint/vpce-050f68f72ab687385",
            "auto_accept": null,
            "cidr_blocks": [
              "16.182.0.0/16",
              "18.34.0.0/19",
              "52.216.0.0/15",
              "54.231.0.0/16",
              "3.5.0.0/19",
              "18.34.232.0/21"
            ],
            "dns_entry": [],
            "dns_options": [],
            "id": "vpce-050f68f72ab687385",
            "ip_address_type": "",
            "network_interface_ids": [],
            "owner_id": "624907404009",
            "policy": "{\"Statement\":[{\"Action\":\"*\",\"Effect\":\"Allow\",\"Principal\":\"*\",\"Resource\":\"*\"}],\"Version\":\"2008-10-17\"}",
            "prefix_list_id": "pl-63a5400a",
            "private_dns_enabled": false,
            "requester_managed": false,
            "route_table_ids": [],
            "security_group_ids": [],
            "service_name": "com.amazonaws.us-east-1.s3",
            "state": "available",
            "subnet_ids": [],
            "tags": {
              "Name": "emptesting_s3_endpoint"
            },
            "tags_all": {
              "Name": "emptesting_s3_endpoint"
            },
            "timeouts": null,
            "vpc_endpoint_type": "Gateway",
            "vpc_id": "vpc-00b6afb336bd50080"
          },
          "sensitive_attributes": [],
          "private": "eyJlMmJmYjczMC1lY2FhLTExZTYtOGY4OC0zNDM2M2JjN2M0YzAiOnsiY3JlYXRlIjo2MDAwMDAwMDAwMDAsImRlbGV0ZSI6NjAwMDAwMDAwMDAwLCJ1cGRhdGUiOjYwMDAwMDAwMDAwMH19",
          "dependencies": [
            "aws_vpc.emptesting_vpc"
          ]
        }
      ]
    },
    {
      "mode": "managed",
      "type": "aws_vpc_endpoint_route_table_association",
      "name": "emptesting_s3_endpoint_association_1a",
      "provider": "provider[\"registry.terraform.io/hashicorp/aws\"]",
      "instances": [
        {
          "schema_version": 0,
          "attributes": {
            "id": "a-vpce-050f68f72ab6873851006834297",
            "route_table_id": "rtb-0deeda0f415e25143",
            "vpc_endpoint_id": "vpce-050f68f72ab687385"
          },
          "sensitive_attributes": [],
          "private": "bnVsbA==",
          "dependencies": [
            "aws_nat_gateway.emptesting_nat_gateway",
            "aws_route_table.emptesting_private_route_table1_us-east-1a",
            "aws_vpc.emptesting_vpc",
            "aws_vpc_endpoint.emptesting_s3_endpoint"
          ]
        }
      ]
    },
    {
      "mode": "managed",
      "type": "aws_vpc_endpoint_route_table_association",
      "name": "s3_endpoint_association_b",
      "provider": "provider[\"registry.terraform.io/hashicorp/aws\"]",
      "instances": [
        {
          "schema_version": 0,
          "attributes": {
            "id": "a-vpce-050f68f72ab6873851085494116",
            "route_table_id": "rtb-08d8316d9efc1d97c",
            "vpc_endpoint_id": "vpce-050f68f72ab687385"
          },
          "sensitive_attributes": [],
          "private": "bnVsbA==",
          "dependencies": [
            "aws_nat_gateway.emptesting_nat_gateway",
            "aws_route_table.emptesting_private_route_table2_us-east-1b",
            "aws_vpc.emptesting_vpc",
            "aws_vpc_endpoint.emptesting_s3_endpoint"
          ]
        }
      ]
    }
  ],
  "check_results": null
}
